
Microsoft Visual Studio Solution File, Format Version 12.00
# Visual Studio Version 16
VisualStudioVersion = 16.0.29230.47
MinimumVisualStudioVersion = 10.0.40219.1
Project("{FAE04EC0-301F-11D3-BF4B-00C04F79EFBC}") = "TP1-GEN", "TP1-GEN\TP1-GEN.csproj", "{A43F8F93-2DFD-49D0-91C7-9C3EFAFE7A0C}"
EndProject
Global
	GlobalSection(SolutionConfigurationPlatforms) = preSolution
		Debug|Any CPU = Debug|Any CPU
		Release|Any CPU = Release|Any CPU
	EndGlobalSection
	GlobalSection(ProjectConfigurationPlatforms) = postSolution
		{A43F8F93-2DFD-49D0-91C7-9C3EFAFE7A0C}.Debug|Any CPU.ActiveCfg = Debug|Any CPU
		{A43F8F93-2DFD-49D0-91C7-9C3EFAFE7A0C}.Debug|Any CPU.Build.0 = Debug|Any CPU
		{A43F8F93-2DFD-49D0-91C7-9C3EFAFE7A0C}.Release|Any CPU.ActiveCfg = Release|Any CPU
		{A43F8F93-2DFD-49D0-91C7-9C3EFAFE7A0C}.Release|Any CPU.Build.0 = Release|Any CPU
	EndGlobalSection
	GlobalSection(SolutionProperties) = preSolution
		HideSolutionNode = FALSE
	EndGlobalSection
	GlobalSection(ExtensibilityGlobals) = postSolution
		SolutionGuid = {677CFD1B-4FEE-46DA-8E1B-C30F02C24517}
	EndGlobalSection
EndGlobal
